version = 1

[[distribution]]
name = "asgiref"
version = "3.11.0"
source = "registry+https://pypi.org/simple"

[distribution.sdist]
url = "https://files.pythonhosted.org/packages/76/b9/4db2509eabd14b4a8c71d1b24c8d5734c52b8560a7b1e1a8b56c8d25568b/asgiref-3.11.0.tar.gz"
hash = "sha256:13acff32519542a1736223fb79a715acdebe24286d98e8b164a73085f40da2c4"
size = 37969

[[distribution.wheel]]
url = "https://files.pythonhosted.org/packages/91/be/317c2c55b8bbec407257d45f5c8d1b6867abc76d12043f2d3d58c538a4ea/asgiref-3.11.0-py3-none-any.whl"
hash = "sha256:1db9021efadb0d9512ce8ffaf72fcef601c7b73a8807a1bb2ef143dc6b14846d"
size = 24096

[[distribution]]
name = "django"
version = "5.2.9"
source = "registry+https://pypi.org/simple"

[distribution.sdist]
url = "https://files.pythonhosted.org/packages/eb/1c/188ce85ee380f714b704283013434976df8d3a2df8e735221a02605b6794/django-5.2.9.tar.gz"
hash = "sha256:16b5ccfc5e8c27e6c0561af551d2ea32852d7352c67d452ae3e76b4f6b2ca495"
size = 10848762

[[distribution.wheel]]
url = "https://files.pythonhosted.org/packages/17/b0/7f42bfc38b8f19b78546d47147e083ed06e12fc29c42da95655e0962c6c2/django-5.2.9-py3-none-any.whl"
hash = "sha256:3a4ea88a70370557ab1930b332fd2887a9f48654261cdffda663fef5976bb00a"
size = 8290652

[[distribution.dependencies]]
name = "asgiref"
version = "3.11.0"
source = "registry+https://pypi.org/simple"

[[distribution.dependencies]]
name = "sqlparse"
version = "0.5.5"
source = "registry+https://pypi.org/simple"

[[distribution]]
name = "djangorestframework"
version = "3.16.1"
source = "registry+https://pypi.org/simple"

[distribution.sdist]
url = "https://files.pythonhosted.org/packages/8a/95/5376fe618646fde6899b3cdc85fd959716bb67542e273a76a80d9f326f27/djangorestframework-3.16.1.tar.gz"
hash = "sha256:166809528b1aced0a17dc66c24492af18049f2c9420dbd0be29422029cfc3ff7"
size = 1089735

[[distribution.wheel]]
url = "https://files.pythonhosted.org/packages/b0/ce/bf8b9d3f415be4ac5588545b5fcdbbb841977db1c1d923f7568eeabe1689/djangorestframework-3.16.1-py3-none-any.whl"
hash = "sha256:33a59f47fb9c85ede792cbf88bde71893bcda0667bc573f784649521f1102cec"
size = 1080442

[[distribution.dependencies]]
name = "django"
version = "5.2.9"
source = "registry+https://pypi.org/simple"

[[distribution]]
name = "fortress"
version = "0.1.0"
source = "directory+file:///home/user/fortress"

[distribution.sdist]
url = "file:///home/user/fortress"

[[distribution.dependencies]]
name = "django"
version = "5.2.9"
source = "registry+https://pypi.org/simple"

[[distribution.dependencies]]
name = "djangorestframework"
version = "3.16.1"
source = "registry+https://pypi.org/simple"

[[distribution.dependencies]]
name = "python-dotenv"
version = "1.2.1"
source = "registry+https://pypi.org/simple"

[[distribution]]
name = "python-dotenv"
version = "1.2.1"
source = "registry+https://pypi.org/simple"

[distribution.sdist]
url = "https://files.pythonhosted.org/packages/f0/26/19cadc79a718c5edbec86fd4919a6b6d3f681039a2f6d66d14be94e75fb9/python_dotenv-1.2.1.tar.gz"
hash = "sha256:42667e897e16ab0d66954af0e60a9caa94f0fd4ecf3aaf6d2d260eec1aa36ad6"
size = 44221

[[distribution.wheel]]
url = "https://files.pythonhosted.org/packages/14/1b/a298b06749107c305e1fe0f814c6c74aea7b2f1e10989cb30f544a1b3253/python_dotenv-1.2.1-py3-none-any.whl"
hash = "sha256:b81ee9561e9ca4004139c6cbba3a238c32b03e4894671e181b671e8cb8425d61"
size = 21230

[[distribution]]
name = "sqlparse"
version = "0.5.5"
source = "registry+https://pypi.org/simple"

[distribution.sdist]
url = "https://files.pythonhosted.org/packages/90/76/437d71068094df0726366574cf3432a4ed754217b436eb7429415cf2d480/sqlparse-0.5.5.tar.gz"
hash = "sha256:e20d4a9b0b8585fdf63b10d30066c7c94c5d7a7ec47c889a2d83a3caa93ff28e"
size = 120815

[[distribution.wheel]]
url = "https://files.pythonhosted.org/packages/49/4b/359f28a903c13438ef59ebeee215fb25da53066db67b305c125f1c6d2a25/sqlparse-0.5.5-py3-none-any.whl"
hash = "sha256:12a08b3bf3eec877c519589833aed092e2444e68240a3577e8e26148acc7b1ba"
size = 46138
